{
  "nodes": {
    "nixpkgs": {
      "locked": {
        "lastModified": 1700097215,
        "narHash": "sha256-ODQ3gBTv1iHd7lG21H+ErVISB5wVeOhd/dEogOqHs/I=",
        "owner": "nixos",
        "repo": "nixpkgs",
        "rev": "9fb122519e9cd465d532f736a98c1e1eb541ef6f",
        "type": "github"
      },
      "original": {
        "owner": "nixos",
        "ref": "nixos-23.05",
        "repo": "nixpkgs",
        "type": "github"
      }
    },
    "nixpkgs-unstable": {
      "locked": {
        "lastModified": 1700204040,
        "narHash": "sha256-xSVcS5HBYnD3LTer7Y2K8ZQCDCXMa3QUD1MzRjHzuhI=",
        "owner": "NixOS",
        "repo": "nixpkgs",
        "rev": "c757e9bd77b16ca2e03c89bf8bc9ecb28e0c06ad",
        "type": "github"
      },
      "original": {
        "owner": "NixOS",
        "ref": "nixos-unstable",
        "repo": "nixpkgs",
        "type": "github"
      }
    },
    "root": {
      "inputs": {
        "nixpkgs": "nixpkgs",
        "nixpkgs-unstable": "nixpkgs-unstable"
      }
    }
  },
  "root": "root",
  "version": 7
}
